{
  "version": 4,
  "terraform_version": "1.11.0",
  "serial": 12,
  "lineage": "883dacbb-db79-9b7a-1fa5-87c6a850b555",
  "outputs": {},
  "resources": [
    {
      "mode": "managed",
      "type": "opentelekomcloud_fgs_event_v2",
      "name": "fg_resource_monitor_test",
      "provider": "provider[\"registry.terraform.io/opentelekomcloud/opentelekomcloud\"]",
      "instances": [
        {
          "schema_version": 0,
          "attributes": {
            "content": "eyJ0cmlnZ2VyZWRCeSI6InRlcnJhZm9ybSJ9",
            "function_urn": "urn:fss:eu-de:37429580929648bbbba31b9adec4210e:function:default:fg-resource-monitor",
            "id": "71a33a23-cb16-44ac-bf48-39aaf368b212",
            "name": "fg-resource-monitor-test",
            "region": "eu-de",
            "updated_at": 0
          },
          "sensitive_attributes": [],
          "private": "bnVsbA==",
          "dependencies": [
            "opentelekomcloud_fgs_function_v2.fg_resource_monitor"
          ]
        }
      ]
    },
    {
      "mode": "managed",
      "type": "opentelekomcloud_fgs_function_v2",
      "name": "fg_resource_monitor",
      "provider": "provider[\"registry.terraform.io/opentelekomcloud/opentelekomcloud\"]",
      "instances": [
        {
          "schema_version": 0,
          "attributes": {
            "agency": "functiongraph",
            "allow_ephemeral_storage": false,
            "apig_route_enable": false,
            "app": "default",
            "app_agency": "functiongraph",
            "code_filename": "fg-resource-monitor.zip",
            "code_type": "zip",
            "code_url": "",
            "concurrency_num": 1,
            "custom_image": [],
            "depend_list": [],
            "description": "",
            "dns_list": "",
            "enable_auth_in_header": false,
            "enable_class_isolation": false,
            "enable_dynamic_memory": false,
            "encrypted_user_data": "",
            "ephemeral_storage": 512,
            "extend_config": "",
            "func_code": "4c6b545a0877c2e18a48c51b9c5773178edd21ef",
            "func_mounts": [],
            "functiongraph_version": "v2",
            "gpu_memory": 0,
            "gpu_type": "",
            "handler": "index.handler",
            "heartbeat_handler": "",
            "id": "urn:fss:eu-de:37429580929648bbbba31b9adec4210e:function:default:fg-resource-monitor:latest",
            "initializer_handler": "",
            "initializer_timeout": 0,
            "is_stateful_function": false,
            "log_group_id": "2917fafa-492d-458c-a150-d146d44d44c0",
            "log_group_name": null,
            "log_topic_id": "a4b395c1-4b13-4f4f-87fe-68ebfc6a9ce9",
            "log_topic_name": null,
            "max_instance_num": "400",
            "memory_size": 128,
            "mount_user_group_id": null,
            "mount_user_id": null,
            "name": "fg-resource-monitor",
            "network_controller": [],
            "network_id": "",
            "peering_cidr": "",
            "pre_stop_handler": "",
            "pre_stop_timeout": 0,
            "region": null,
            "reserved_instances": [],
            "runtime": "Python3.9",
            "tags": null,
            "timeout": 30,
            "timeouts": null,
            "urn": "urn:fss:eu-de:37429580929648bbbba31b9adec4210e:function:default:fg-resource-monitor",
            "user_data": "{\"SMN_TOPIC_URN\":\"urn:smn:eu-de:37429580929648bbbba31b9adec4210e:fg-resource-monitor\"}",
            "version": "latest",
            "versions": [
              {
                "aliases": [],
                "name": "latest"
              }
            ],
            "vpc_id": ""
          },
          "sensitive_attributes": [
            [
              {
                "type": "get_attr",
                "value": "encrypted_user_data"
              }
            ]
          ],
          "private": "eyJlMmJmYjczMC1lY2FhLTExZTYtOGY4OC0zNDM2M2JjN2M0YzAiOnsiY3JlYXRlIjo2MDAwMDAwMDAwMDAsImRlbGV0ZSI6NjAwMDAwMDAwMDAwfX0="
        }
      ]
    }
  ],
  "check_results": null
}
